
Microsoft Visual Studio Solution File, Format Version 12.00
# Visual Studio Version 17
VisualStudioVersion = 17.3.32929.385
MinimumVisualStudioVersion = 10.0.40219.1
Project("{9A19103F-16F7-4668-BE54-9A1E7A4F7556}") = "MunApi", "MunApi\MunApi.csproj", "{0D701CE3-1F85-4FC4-9593-D2B9A1758C06}"
EndProject
Project("{FAE04EC0-301F-11D3-BF4B-00C04F79EFBC}") = "MunWpf", "MunWpf\MunWpf.csproj", "{4550E8D4-4758-4BEE-A38C-CDC53068456C}"
EndProject
Global
	GlobalSection(SolutionConfigurationPlatforms) = preSolution
		Debug|Any CPU = Debug|Any CPU
		Release|Any CPU = Release|Any CPU
	EndGlobalSection
	GlobalSection(ProjectConfigurationPlatforms) = postSolution
		{0D701CE3-1F85-4FC4-9593-D2B9A1758C06}.Debug|Any CPU.ActiveCfg = Debug|Any CPU
		{0D701CE3-1F85-4FC4-9593-D2B9A1758C06}.Debug|Any CPU.Build.0 = Debug|Any CPU
		{0D701CE3-1F85-4FC4-9593-D2B9A1758C06}.Release|Any CPU.ActiveCfg = Release|Any CPU
		{0D701CE3-1F85-4FC4-9593-D2B9A1758C06}.Release|Any CPU.Build.0 = Release|Any CPU
		{4550E8D4-4758-4BEE-A38C-CDC53068456C}.Debug|Any CPU.ActiveCfg = Debug|Any CPU
		{4550E8D4-4758-4BEE-A38C-CDC53068456C}.Debug|Any CPU.Build.0 = Debug|Any CPU
		{4550E8D4-4758-4BEE-A38C-CDC53068456C}.Release|Any CPU.ActiveCfg = Release|Any CPU
		{4550E8D4-4758-4BEE-A38C-CDC53068456C}.Release|Any CPU.Build.0 = Release|Any CPU
	EndGlobalSection
	GlobalSection(SolutionProperties) = preSolution
		HideSolutionNode = FALSE
	EndGlobalSection
	GlobalSection(ExtensibilityGlobals) = postSolution
		SolutionGuid = {803F7BD2-BFAF-4CB0-9929-45EC97B05B99}
	EndGlobalSection
EndGlobal
